// !$*UTF8*$!
{
	archiveVersion = 1;
	classes = {
	};
	objectVersion = 56;
	objects = {

/* Begin PBXBuildFile section */
		2A7C536F2B9592FB00AEF1F7 /* AppDelegate.swift in Sources */ = {isa = PBXBuildFile; fileRef = 2A7C536E2B9592FB00AEF1F7 /* AppDelegate.swift */; };
		2A7C53712B9592FB00AEF1F7 /* SceneDelegate.swift in Sources */ = {isa = PBXBuildFile; fileRef = 2A7C53702B9592FB00AEF1F7 /* SceneDelegate.swift */; };
		2A7C53732B9592FB00AEF1F7 /* ViewController.swift in Sources */ = {isa = PBXBuildFile; fileRef = 2A7C53722B9592FB00AEF1F7 /* ViewController.swift */; };
		2A7C53762B9592FB00AEF1F7 /* Main.storyboard in Resources */ = {isa = PBXBuildFile; fileRef = 2A7C53742B9592FB00AEF1F7 /* Main.storyboard */; };
		2A7C53782B9592FC00AEF1F7 /* Assets.xcassets in Resources */ = {isa = PBXBuildFile; fileRef = 2A7C53772B9592FC00AEF1F7 /* Assets.xcassets */; };
		2A7C537B2B9592FC00AEF1F7 /* LaunchScreen.storyboard in Resources */ = {isa = PBXBuildFile; fileRef = 2A7C53792B9592FC00AEF1F7 /* LaunchScreen.storyboard */; };
		2A7C53862B9592FC00AEF1F7 /* WeatherForecastModelwithCodableTaskTests.swift in Sources */ = {isa = PBXBuildFile; fileRef = 2A7C53852B9592FC00AEF1F7 /* WeatherForecastModelwithCodableTaskTests.swift */; };
		2A7C53902B9592FC00AEF1F7 /* WeatherForecastModelwithCodableTaskUITests.swift in Sources */ = {isa = PBXBuildFile; fileRef = 2A7C538F2B9592FC00AEF1F7 /* WeatherForecastModelwithCodableTaskUITests.swift */; };
		2A7C53922B9592FC00AEF1F7 /* WeatherForecastModelwithCodableTaskUITestsLaunchTests.swift in Sources */ = {isa = PBXBuildFile; fileRef = 2A7C53912B9592FC00AEF1F7 /* WeatherForecastModelwithCodableTaskUITestsLaunchTests.swift */; };
/* End PBXBuildFile section */

/* Begin PBXContainerItemProxy section */
		2A7C53822B9592FC00AEF1F7 /* PBXContainerItemProxy */ = {
			isa = PBXContainerItemProxy;
			containerPortal = 2A7C53632B9592FB00AEF1F7 /* Project object */;
			proxyType = 1;
			remoteGlobalIDString = 2A7C536A2B9592FB00AEF1F7;
			remoteInfo = WeatherForecastModelwithCodableTask;
		};
		2A7C538C2B9592FC00AEF1F7 /* PBXContainerItemProxy */ = {
			isa = PBXContainerItemProxy;
			containerPortal = 2A7C53632B9592FB00AEF1F7 /* Project object */;
			proxyType = 1;
			remoteGlobalIDString = 2A7C536A2B9592FB00AEF1F7;
			remoteInfo = WeatherForecastModelwithCodableTask;
		};
/* End PBXContainerItemProxy section */

/* Begin PBXFileReference section */
		2A7C536B2B9592FB00AEF1F7 /* WeatherForecastModelwithCodableTask.app */ = {isa = PBXFileReference; explicitFileType = wrapper.application; includeInIndex = 0; path = WeatherForecastModelwithCodableTask.app; sourceTree = BUILT_PRODUCTS_DIR; };
		2A7C536E2B9592FB00AEF1F7 /* AppDelegate.swift */ = {isa = PBXFileReference; lastKnownFileType = sourcecode.swift; path = AppDelegate.swift; sourceTree = "<group>"; };
		2A7C53702B9592FB00AEF1F7 /* SceneDelegate.swift */ = {isa = PBXFileReference; lastKnownFileType = sourcecode.swift; path = SceneDelegate.swift; sourceTree = "<group>"; };
		2A7C53722B9592FB00AEF1F7 /* ViewController.swift */ = {isa = PBXFileReference; lastKnownFileType = sourcecode.swift; path = ViewController.swift; sourceTree = "<group>"; };
		2A7C53752B9592FB00AEF1F7 /* Base */ = {isa = PBXFileReference; lastKnownFileType = file.storyboard; name = Base; path = Base.lproj/Main.storyboard; sourceTree = "<group>"; };
		2A7C53772B9592FC00AEF1F7 /* Assets.xcassets */ = {isa = PBXFileReference; lastKnownFileType = folder.assetcatalog; path = Assets.xcassets; sourceTree = "<group>"; };
		2A7C537A2B9592FC00AEF1F7 /* Base */ = {isa = PBXFileReference; lastKnownFileType = file.storyboard; name = Base; path = Base.lproj/LaunchScreen.storyboard; sourceTree = "<group>"; };
		2A7C537C2B9592FC00AEF1F7 /* Info.plist */ = {isa = PBXFileReference; lastKnownFileType = text.plist.xml; path = Info.plist; sourceTree = "<group>"; };
		2A7C53812B9592FC00AEF1F7 /* WeatherForecastModelwithCodableTaskTests.xctest */ = {isa = PBXFileReference; explicitFileType = wrapper.cfbundle; includeInIndex = 0; path = WeatherForecastModelwithCodableTaskTests.xctest; sourceTree = BUILT_PRODUCTS_DIR; };
		2A7C53852B9592FC00AEF1F7 /* WeatherForecastModelwithCodableTaskTests.swift */ = {isa = PBXFileReference; lastKnownFileType = sourcecode.swift; path = WeatherForecastModelwithCodableTaskTests.swift; sourceTree = "<group>"; };
		2A7C538B2B9592FC00AEF1F7 /* WeatherForecastModelwithCodableTaskUITests.xctest */ = {isa = PBXFileReference; explicitFileType = wrapper.cfbundle; includeInIndex = 0; path = WeatherForecastModelwithCodableTaskUITests.xctest; sourceTree = BUILT_PRODUCTS_DIR; };
		2A7C538F2B9592FC00AEF1F7 /* WeatherForecastModelwithCodableTaskUITests.swift */ = {isa = PBXFileReference; lastKnownFileType = sourcecode.swift; path = WeatherForecastModelwithCodableTaskUITests.swift; sourceTree = "<group>"; };
		2A7C53912B9592FC00AEF1F7 /* WeatherForecastModelwithCodableTaskUITestsLaunchTests.swift */ = {isa = PBXFileReference; lastKnownFileType = sourcecode.swift; path = WeatherForecastModelwithCodableTaskUITestsLaunchTests.swift; sourceTree = "<group>"; };
/* End PBXFileReference section */

/* Begin PBXFrameworksBuildPhase section */
		2A7C53682B9592FB00AEF1F7 /* Frameworks */ = {
			isa = PBXFrameworksBuildPhase;
			buildActionMask = 2147483647;
			files = (
			);
			runOnlyForDeploymentPostprocessing = 0;
		};
		2A7C537E2B9592FC00AEF1F7 /* Frameworks */ = {
			isa = PBXFrameworksBuildPhase;
			buildActionMask = 2147483647;
			files = (
			);
			runOnlyForDeploymentPostprocessing = 0;
		};
		2A7C53882B9592FC00AEF1F7 /* Frameworks */ = {
			isa = PBXFrameworksBuildPhase;
			buildActionMask = 2147483647;
			files = (
			);
			runOnlyForDeploymentPostprocessing = 0;
		};
/* End PBXFrameworksBuildPhase section */

/* Begin PBXGroup section */
		2A7C53622B9592FB00AEF1F7 = {
			isa = PBXGroup;
			children = (
				2A7C536D2B9592FB00AEF1F7 /* WeatherForecastModelwithCodableTask */,
				2A7C53842B9592FC00AEF1F7 /* WeatherForecastModelwithCodableTaskTests */,
				2A7C538E2B9592FC00AEF1F7 /* WeatherForecastModelwithCodableTaskUITests */,
				2A7C536C2B9592FB00AEF1F7 /* Products */,
			);
			sourceTree = "<group>";
		};
		2A7C536C2B9592FB00AEF1F7 /* Products */ = {
			isa = PBXGroup;
			children = (
				2A7C536B2B9592FB00AEF1F7 /* WeatherForecastModelwithCodableTask.app */,
				2A7C53812B9592FC00AEF1F7 /* WeatherForecastModelwithCodableTaskTests.xctest */,
				2A7C538B2B9592FC00AEF1F7 /* WeatherForecastModelwithCodableTaskUITests.xctest */,
			);
			name = Products;
			sourceTree = "<group>";
		};
		2A7C536D2B9592FB00AEF1F7 /* WeatherForecastModelwithCodableTask */ = {
			isa = PBXGroup;
			children = (
				2A7C536E2B9592FB00AEF1F7 /* AppDelegate.swift */,
				2A7C53702B9592FB00AEF1F7 /* SceneDelegate.swift */,
				2A7C53722B9592FB00AEF1F7 /* ViewController.swift */,
				2A7C53742B9592FB00AEF1F7 /* Main.storyboard */,
				2A7C53772B9592FC00AEF1F7 /* Assets.xcassets */,
				2A7C53792B9592FC00AEF1F7 /* LaunchScreen.storyboard */,
				2A7C537C2B9592FC00AEF1F7 /* Info.plist */,
			);
			path = WeatherForecastModelwithCodableTask;
			sourceTree = "<group>";
		};
		2A7C53842B9592FC00AEF1F7 /* WeatherForecastModelwithCodableTaskTests */ = {
			isa = PBXGroup;
			children = (
				2A7C53852B9592FC00AEF1F7 /* WeatherForecastModelwithCodableTaskTests.swift */,
			);
			path = WeatherForecastModelwithCodableTaskTests;
			sourceTree = "<group>";
		};
		2A7C538E2B9592FC00AEF1F7 /* WeatherForecastModelwithCodableTaskUITests */ = {
			isa = PBXGroup;
			children = (
				2A7C538F2B9592FC00AEF1F7 /* WeatherForecastModelwithCodableTaskUITests.swift */,
				2A7C53912B9592FC00AEF1F7 /* WeatherForecastModelwithCodableTaskUITestsLaunchTests.swift */,
			);
			path = WeatherForecastModelwithCodableTaskUITests;
			sourceTree = "<group>";
		};
/* End PBXGroup section */

/* Begin PBXNativeTarget section */
		2A7C536A2B9592FB00AEF1F7 /* WeatherForecastModelwithCodableTask */ = {
			isa = PBXNativeTarget;
			buildConfigurationList = 2A7C53952B9592FC00AEF1F7 /* Build configuration list for PBXNativeTarget "WeatherForecastModelwithCodableTask" */;
			buildPhases = (
				2A7C53672B9592FB00AEF1F7 /* Sources */,
				2A7C53682B9592FB00AEF1F7 /* Frameworks */,
				2A7C53692B9592FB00AEF1F7 /* Resources */,
			);
			buildRules = (
			);
			dependencies = (
			);
			name = WeatherForecastModelwithCodableTask;
			productName = WeatherForecastModelwithCodableTask;
			productReference = 2A7C536B2B9592FB00AEF1F7 /* WeatherForecastModelwithCodableTask.app */;
			productType = "com.apple.product-type.application";
		};
		2A7C53802B9592FC00AEF1F7 /* WeatherForecastModelwithCodableTaskTests */ = {
			isa = PBXNativeTarget;
			buildConfigurationList = 2A7C53982B9592FC00AEF1F7 /* Build configuration list for PBXNativeTarget "WeatherForecastModelwithCodableTaskTests" */;
			buildPhases = (
				2A7C537D2B9592FC00AEF1F7 /* Sources */,
				2A7C537E2B9592FC00AEF1F7 /* Frameworks */,
				2A7C537F2B9592FC00AEF1F7 /* Resources */,
			);
			buildRules = (
			);
			dependencies = (
				2A7C53832B9592FC00AEF1F7 /* PBXTargetDependency */,
			);
			name = WeatherForecastModelwithCodableTaskTests;
			productName = WeatherForecastModelwithCodableTaskTests;
			productReference = 2A7C53812B9592FC00AEF1F7 /* WeatherForecastModelwithCodableTaskTests.xctest */;
			productType = "com.apple.product-type.bundle.unit-test";
		};
		2A7C538A2B9592FC00AEF1F7 /* WeatherForecastModelwithCodableTaskUITests */ = {
			isa = PBXNativeTarget;
			buildConfigurationList = 2A7C539B2B9592FC00AEF1F7 /* Build configuration list for PBXNativeTarget "WeatherForecastModelwithCodableTaskUITests" */;
			buildPhases = (
				2A7C53872B9592FC00AEF1F7 /* Sources */,
				2A7C53882B9592FC00AEF1F7 /* Frameworks */,
				2A7C53892B9592FC00AEF1F7 /* Resources */,
			);
			buildRules = (
			);
			dependencies = (
				2A7C538D2B9592FC00AEF1F7 /* PBXTargetDependency */,
			);
			name = WeatherForecastModelwithCodableTaskUITests;
			productName = WeatherForecastModelwithCodableTaskUITests;
			productReference = 2A7C538B2B9592FC00AEF1F7 /* WeatherForecastModelwithCodableTaskUITests.xctest */;
			productType = "com.apple.product-type.bundle.ui-testing";
		};
/* End PBXNativeTarget section */

/* Begin PBXProject section */
		2A7C53632B9592FB00AEF1F7 /* Project object */ = {
			isa = PBXProject;
			attributes = {
				BuildIndependentTargetsInParallel = 1;
				LastSwiftUpdateCheck = 1520;
				LastUpgradeCheck = 1520;
				TargetAttributes = {
					2A7C536A2B9592FB00AEF1F7 = {
						CreatedOnToolsVersion = 15.2;
					};
					2A7C53802B9592FC00AEF1F7 = {
						CreatedOnToolsVersion = 15.2;
						TestTargetID = 2A7C536A2B9592FB00AEF1F7;
					};
					2A7C538A2B9592FC00AEF1F7 = {
						CreatedOnToolsVersion = 15.2;
						TestTargetID = 2A7C536A2B9592FB00AEF1F7;
					};
				};
			};
			buildConfigurationList = 2A7C53662B9592FB00AEF1F7 /* Build configuration list for PBXProject "WeatherForecastModelwithCodableTask" */;
			compatibilityVersion = "Xcode 14.0";
			developmentRegion = en;
			hasScannedForEncodings = 0;
			knownRegions = (
				en,
				Base,
			);
			mainGroup = 2A7C53622B9592FB00AEF1F7;
			productRefGroup = 2A7C536C2B9592FB00AEF1F7 /* Products */;
			projectDirPath = "";
			projectRoot = "";
			targets = (
				2A7C536A2B9592FB00AEF1F7 /* WeatherForecastModelwithCodableTask */,
				2A7C53802B9592FC00AEF1F7 /* WeatherForecastModelwithCodableTaskTests */,
				2A7C538A2B9592FC00AEF1F7 /* WeatherForecastModelwithCodableTaskUITests */,
			);
		};
/* End PBXProject section */

/* Begin PBXResourcesBuildPhase section */
		2A7C53692B9592FB00AEF1F7 /* Resources */ = {
			isa = PBXResourcesBuildPhase;
			buildActionMask = 2147483647;
			files = (
				2A7C537B2B9592FC00AEF1F7 /* LaunchScreen.storyboard in Resources */,
				2A7C53782B9592FC00AEF1F7 /* Assets.xcassets in Resources */,
				2A7C53762B9592FB00AEF1F7 /* Main.storyboard in Resources */,
			);
			runOnlyForDeploymentPostprocessing = 0;
		};
		2A7C537F2B9592FC00AEF1F7 /* Resources */ = {
			isa = PBXResourcesBuildPhase;
			buildActionMask = 2147483647;
			files = (
			);
			runOnlyForDeploymentPostprocessing = 0;
		};
		2A7C53892B9592FC00AEF1F7 /* Resources */ = {
			isa = PBXResourcesBuildPhase;
			buildActionMask = 2147483647;
			files = (
			);
			runOnlyForDeploymentPostprocessing = 0;
		};
/* End PBXResourcesBuildPhase section */

/* Begin PBXSourcesBuildPhase section */
		2A7C53672B9592FB00AEF1F7 /* Sources */ = {
			isa = PBXSourcesBuildPhase;
			buildActionMask = 2147483647;
			files = (
				2A7C53732B9592FB00AEF1F7 /* ViewController.swift in Sources */,
				2A7C536F2B9592FB00AEF1F7 /* AppDelegate.swift in Sources */,
				2A7C53712B9592FB00AEF1F7 /* SceneDelegate.swift in Sources */,
			);
			runOnlyForDeploymentPostprocessing = 0;
		};
		2A7C537D2B9592FC00AEF1F7 /* Sources */ = {
			isa = PBXSourcesBuildPhase;
			buildActionMask = 2147483647;
			files = (
				2A7C53862B9592FC00AEF1F7 /* WeatherForecastModelwithCodableTaskTests.swift in Sources */,
			);
			runOnlyForDeploymentPostprocessing = 0;
		};
		2A7C53872B9592FC00AEF1F7 /* Sources */ = {
			isa = PBXSourcesBuildPhase;
			buildActionMask = 2147483647;
			files = (
				2A7C53922B9592FC00AEF1F7 /* WeatherForecastModelwithCodableTaskUITestsLaunchTests.swift in Sources */,
				2A7C53902B9592FC00AEF1F7 /* WeatherForecastModelwithCodableTaskUITests.swift in Sources */,
			);
			runOnlyForDeploymentPostprocessing = 0;
		};
/* End PBXSourcesBuildPhase section */

/* Begin PBXTargetDependency section */
		2A7C53832B9592FC00AEF1F7 /* PBXTargetDependency */ = {
			isa = PBXTargetDependency;
			target = 2A7C536A2B9592FB00AEF1F7 /* WeatherForecastModelwithCodableTask */;
			targetProxy = 2A7C53822B9592FC00AEF1F7 /* PBXContainerItemProxy */;
		};
		2A7C538D2B9592FC00AEF1F7 /* PBXTargetDependency */ = {
			isa = PBXTargetDependency;
			target = 2A7C536A2B9592FB00AEF1F7 /* WeatherForecastModelwithCodableTask */;
			targetProxy = 2A7C538C2B9592FC00AEF1F7 /* PBXContainerItemProxy */;
		};
/* End PBXTargetDependency section */

/* Begin PBXVariantGroup section */
		2A7C53742B9592FB00AEF1F7 /* Main.storyboard */ = {
			isa = PBXVariantGroup;
			children = (
				2A7C53752B9592FB00AEF1F7 /* Base */,
			);
			name = Main.storyboard;
			sourceTree = "<group>";
		};
		2A7C53792B9592FC00AEF1F7 /* LaunchScreen.storyboard */ = {
			isa = PBXVariantGroup;
			children = (
				2A7C537A2B9592FC00AEF1F7 /* Base */,
			);
			name = LaunchScreen.storyboard;
			sourceTree = "<group>";
		};
/* End PBXVariantGroup section */

/* Begin XCBuildConfiguration section */
		2A7C53932B9592FC00AEF1F7 /* Debug */ = {
			isa = XCBuildConfiguration;
			buildSettings = {
				ALWAYS_SEARCH_USER_PATHS = NO;
				ASSETCATALOG_COMPILER_GENERATE_SWIFT_ASSET_SYMBOL_EXTENSIONS = YES;
				CLANG_ANALYZER_NONNULL = YES;
				CLANG_ANALYZER_NUMBER_OBJECT_CONVERSION = YES_AGGRESSIVE;
				CLANG_CXX_LANGUAGE_STANDARD = "gnu++20";
				CLANG_ENABLE_MODULES = YES;
				CLANG_ENABLE_OBJC_ARC = YES;
				CLANG_ENABLE_OBJC_WEAK = YES;
				CLANG_WARN_BLOCK_CAPTURE_AUTORELEASING = YES;
				CLANG_WARN_BOOL_CONVERSION = YES;
				CLANG_WARN_COMMA = YES;
				CLANG_WARN_CONSTANT_CONVERSION = YES;
				CLANG_WARN_DEPRECATED_OBJC_IMPLEMENTATIONS = YES;
				CLANG_WARN_DIRECT_OBJC_ISA_USAGE = YES_ERROR;
				CLANG_WARN_DOCUMENTATION_COMMENTS = YES;
				CLANG_WARN_EMPTY_BODY = YES;
				CLANG_WARN_ENUM_CONVERSION = YES;
				CLANG_WARN_INFINITE_RECURSION = YES;
				CLANG_WARN_INT_CONVERSION = YES;
				CLANG_WARN_NON_LITERAL_NULL_CONVERSION = YES;
				CLANG_WARN_OBJC_IMPLICIT_RETAIN_SELF = YES;
				CLANG_WARN_OBJC_LITERAL_CONVERSION = YES;
				CLANG_WARN_OBJC_ROOT_CLASS = YES_ERROR;
				CLANG_WARN_QUOTED_INCLUDE_IN_FRAMEWORK_HEADER = YES;
				CLANG_WARN_RANGE_LOOP_ANALYSIS = YES;
				CLANG_WARN_STRICT_PROTOTYPES = YES;
				CLANG_WARN_SUSPICIOUS_MOVE = YES;
				CLANG_WARN_UNGUARDED_AVAILABILITY = YES_AGGRESSIVE;
				CLANG_WARN_UNREACHABLE_CODE = YES;
				CLANG_WARN__DUPLICATE_METHOD_MATCH = YES;
				COPY_PHASE_STRIP = NO;
				DEBUG_INFORMATION_FORMAT = dwarf;
				ENABLE_STRICT_OBJC_MSGSEND = YES;
				ENABLE_TESTABILITY = YES;
				ENABLE_USER_SCRIPT_SANDBOXING = YES;
				GCC_C_LANGUAGE_STANDARD = gnu17;
				GCC_DYNAMIC_NO_PIC = NO;
				GCC_NO_COMMON_BLOCKS = YES;
				GCC_OPTIMIZATION_LEVEL = 0;
				GCC_PREPROCESSOR_DEFINITIONS = (
					"DEBUG=1",
					"$(inherited)",
				);
				GCC_WARN_64_TO_32_BIT_CONVERSION = YES;
				GCC_WARN_ABOUT_RETURN_TYPE = YES_ERROR;
				GCC_WARN_UNDECLARED_SELECTOR = YES;
				GCC_WARN_UNINITIALIZED_AUTOS = YES_AGGRESSIVE;
				GCC_WARN_UNUSED_FUNCTION = YES;
				GCC_WARN_UNUSED_VARIABLE = YES;
				IPHONEOS_DEPLOYMENT_TARGET = 17.2;
				LOCALIZATION_PREFERS_STRING_CATALOGS = YES;
				MTL_ENABLE_DEBUG_INFO = INCLUDE_SOURCE;
				MTL_FAST_MATH = YES;
				ONLY_ACTIVE_ARCH = YES;
				SDKROOT = iphoneos;
				SWIFT_ACTIVE_COMPILATION_CONDITIONS = "DEBUG $(inherited)";
				SWIFT_OPTIMIZATION_LEVEL = "-Onone";
			};
			name = Debug;
		};
		2A7C53942B9592FC00AEF1F7 /* Release */ = {
			isa = XCBuildConfiguration;
			buildSettings = {
				ALWAYS_SEARCH_USER_PATHS = NO;
				ASSETCATALOG_COMPILER_GENERATE_SWIFT_ASSET_SYMBOL_EXTENSIONS = YES;
				CLANG_ANALYZER_NONNULL = YES;
				CLANG_ANALYZER_NUMBER_OBJECT_CONVERSION = YES_AGGRESSIVE;
				CLANG_CXX_LANGUAGE_STANDARD = "gnu++20";
				CLANG_ENABLE_MODULES = YES;
				CLANG_ENABLE_OBJC_ARC = YES;
				CLANG_ENABLE_OBJC_WEAK = YES;
				CLANG_WARN_BLOCK_CAPTURE_AUTORELEASING = YES;
				CLANG_WARN_BOOL_CONVERSION = YES;
				CLANG_WARN_COMMA = YES;
				CLANG_WARN_CONSTANT_CONVERSION = YES;
				CLANG_WARN_DEPRECATED_OBJC_IMPLEMENTATIONS = YES;
				CLANG_WARN_DIRECT_OBJC_ISA_USAGE = YES_ERROR;
				CLANG_WARN_DOCUMENTATION_COMMENTS = YES;
				CLANG_WARN_EMPTY_BODY = YES;
				CLANG_WARN_ENUM_CONVERSION = YES;
				CLANG_WARN_INFINITE_RECURSION = YES;
				CLANG_WARN_INT_CONVERSION = YES;
				CLANG_WARN_NON_LITERAL_NULL_CONVERSION = YES;
				CLANG_WARN_OBJC_IMPLICIT_RETAIN_SELF = YES;
				CLANG_WARN_OBJC_LITERAL_CONVERSION = YES;
				CLANG_WARN_OBJC_ROOT_CLASS = YES_ERROR;
				CLANG_WARN_QUOTED_INCLUDE_IN_FRAMEWORK_HEADER = YES;
				CLANG_WARN_RANGE_LOOP_ANALYSIS = YES;
				CLANG_WARN_STRICT_PROTOTYPES = YES;
				CLANG_WARN_SUSPICIOUS_MOVE = YES;
				CLANG_WARN_UNGUARDED_AVAILABILITY = YES_AGGRESSIVE;
				CLANG_WARN_UNREACHABLE_CODE = YES;
				CLANG_WARN__DUPLICATE_METHOD_MATCH = YES;
				COPY_PHASE_STRIP = NO;
				DEBUG_INFORMATION_FORMAT = "dwarf-with-dsym";
				ENABLE_NS_ASSERTIONS = NO;
				ENABLE_STRICT_OBJC_MSGSEND = YES;
				ENABLE_USER_SCRIPT_SANDBOXING = YES;
				GCC_C_LANGUAGE_STANDARD = gnu17;
				GCC_NO_COMMON_BLOCKS = YES;
				GCC_WARN_64_TO_32_BIT_CONVERSION = YES;
				GCC_WARN_ABOUT_RETURN_TYPE = YES_ERROR;
				GCC_WARN_UNDECLARED_SELECTOR = YES;
				GCC_WARN_UNINITIALIZED_AUTOS = YES_AGGRESSIVE;
				GCC_WARN_UNUSED_FUNCTION = YES;
				GCC_WARN_UNUSED_VARIABLE = YES;
				IPHONEOS_DEPLOYMENT_TARGET = 17.2;
				LOCALIZATION_PREFERS_STRING_CATALOGS = YES;
				MTL_ENABLE_DEBUG_INFO = NO;
				MTL_FAST_MATH = YES;
				SDKROOT = iphoneos;
				SWIFT_COMPILATION_MODE = wholemodule;
				VALIDATE_PRODUCT = YES;
			};
			name = Release;
		};
		2A7C53962B9592FC00AEF1F7 /* Debug */ = {
			isa = XCBuildConfiguration;
			buildSettings = {
				ASSETCATALOG_COMPILER_APPICON_NAME = AppIcon;
				ASSETCATALOG_COMPILER_GLOBAL_ACCENT_COLOR_NAME = AccentColor;
				CODE_SIGN_STYLE = Automatic;
				CURRENT_PROJECT_VERSION = 1;
				GENERATE_INFOPLIST_FILE = YES;
				INFOPLIST_FILE = WeatherForecastModelwithCodableTask/Info.plist;
				INFOPLIST_KEY_UIApplicationSupportsIndirectInputEvents = YES;
				INFOPLIST_KEY_UILaunchStoryboardName = LaunchScreen;
				INFOPLIST_KEY_UIMainStoryboardFile = Main;
				INFOPLIST_KEY_UISupportedInterfaceOrientations_iPad = "UIInterfaceOrientationPortrait UIInterfaceOrientationPortraitUpsideDown UIInterfaceOrientationLandscapeLeft UIInterfaceOrientationLandscapeRight";
				INFOPLIST_KEY_UISupportedInterfaceOrientations_iPhone = "UIInterfaceOrientationPortrait UIInterfaceOrientationLandscapeLeft UIInterfaceOrientationLandscapeRight";
				LD_RUNPATH_SEARCH_PATHS = (
					"$(inherited)",
					"@executable_path/Frameworks",
				);
				MARKETING_VERSION = 1.0;
				PRODUCT_BUNDLE_IDENTIFIER = com.forssa.WeatherForecastModelwithCodableTask;
				PRODUCT_NAME = "$(TARGET_NAME)";
				SWIFT_EMIT_LOC_STRINGS = YES;
				SWIFT_VERSION = 5.0;
				TARGETED_DEVICE_FAMILY = "1,2";
			};
			name = Debug;
		};
		2A7C53972B9592FC00AEF1F7 /* Release */ = {
			isa = XCBuildConfiguration;
			buildSettings = {
				ASSETCATALOG_COMPILER_APPICON_NAME = AppIcon;
				ASSETCATALOG_COMPILER_GLOBAL_ACCENT_COLOR_NAME = AccentColor;
				CODE_SIGN_STYLE = Automatic;
				CURRENT_PROJECT_VERSION = 1;
				GENERATE_INFOPLIST_FILE = YES;
				INFOPLIST_FILE = WeatherForecastModelwithCodableTask/Info.plist;
				INFOPLIST_KEY_UIApplicationSupportsIndirectInputEvents = YES;
				INFOPLIST_KEY_UILaunchStoryboardName = LaunchScreen;
				INFOPLIST_KEY_UIMainStoryboardFile = Main;
				INFOPLIST_KEY_UISupportedInterfaceOrientations_iPad = "UIInterfaceOrientationPortrait UIInterfaceOrientationPortraitUpsideDown UIInterfaceOrientationLandscapeLeft UIInterfaceOrientationLandscapeRight";
				INFOPLIST_KEY_UISupportedInterfaceOrientations_iPhone = "UIInterfaceOrientationPortrait UIInterfaceOrientationLandscapeLeft UIInterfaceOrientationLandscapeRight";
				LD_RUNPATH_SEARCH_PATHS = (
					"$(inherited)",
					"@executable_path/Frameworks",
				);
				MARKETING_VERSION = 1.0;
				PRODUCT_BUNDLE_IDENTIFIER = com.forssa.WeatherForecastModelwithCodableTask;
				PRODUCT_NAME = "$(TARGET_NAME)";
				SWIFT_EMIT_LOC_STRINGS = YES;
				SWIFT_VERSION = 5.0;
				TARGETED_DEVICE_FAMILY = "1,2";
			};
			name = Release;
		};
		2A7C53992B9592FC00AEF1F7 /* Debug */ = {
			isa = XCBuildConfiguration;
			buildSettings = {
				ALWAYS_EMBED_SWIFT_STANDARD_LIBRARIES = YES;
				BUNDLE_LOADER = "$(TEST_HOST)";
				CODE_SIGN_STYLE = Automatic;
				CURRENT_PROJECT_VERSION = 1;
				GENERATE_INFOPLIST_FILE = YES;
				IPHONEOS_DEPLOYMENT_TARGET = 17.2;
				MARKETING_VERSION = 1.0;
				PRODUCT_BUNDLE_IDENTIFIER = com.forssa.WeatherForecastModelwithCodableTaskTests;
				PRODUCT_NAME = "$(TARGET_NAME)";
				SWIFT_EMIT_LOC_STRINGS = NO;
				SWIFT_VERSION = 5.0;
				TARGETED_DEVICE_FAMILY = "1,2";
				TEST_HOST = "$(BUILT_PRODUCTS_DIR)/WeatherForecastModelwithCodableTask.app/$(BUNDLE_EXECUTABLE_FOLDER_PATH)/WeatherForecastModelwithCodableTask";
			};
			name = Debug;
		};
		2A7C539A2B9592FC00AEF1F7 /* Release */ = {
			isa = XCBuildConfiguration;
			buildSettings = {
				ALWAYS_EMBED_SWIFT_STANDARD_LIBRARIES = YES;
				BUNDLE_LOADER = "$(TEST_HOST)";
				CODE_SIGN_STYLE = Automatic;
				CURRENT_PROJECT_VERSION = 1;
				GENERATE_INFOPLIST_FILE = YES;
				IPHONEOS_DEPLOYMENT_TARGET = 17.2;
				MARKETING_VERSION = 1.0;
				PRODUCT_BUNDLE_IDENTIFIER = com.forssa.WeatherForecastModelwithCodableTaskTests;
				PRODUCT_NAME = "$(TARGET_NAME)";
				SWIFT_EMIT_LOC_STRINGS = NO;
				SWIFT_VERSION = 5.0;
				TARGETED_DEVICE_FAMILY = "1,2";
				TEST_HOST = "$(BUILT_PRODUCTS_DIR)/WeatherForecastModelwithCodableTask.app/$(BUNDLE_EXECUTABLE_FOLDER_PATH)/WeatherForecastModelwithCodableTask";
			};
			name = Release;
		};
		2A7C539C2B9592FC00AEF1F7 /* Debug */ = {
			isa = XCBuildConfiguration;
			buildSettings = {
				ALWAYS_EMBED_SWIFT_STANDARD_LIBRARIES = YES;
				CODE_SIGN_STYLE = Automatic;
				CURRENT_PROJECT_VERSION = 1;
				GENERATE_INFOPLIST_FILE = YES;
				MARKETING_VERSION = 1.0;
				PRODUCT_BUNDLE_IDENTIFIER = com.forssa.WeatherForecastModelwithCodableTaskUITests;
				PRODUCT_NAME = "$(TARGET_NAME)";
				SWIFT_EMIT_LOC_STRINGS = NO;
				SWIFT_VERSION = 5.0;
				TARGETED_DEVICE_FAMILY = "1,2";
				TEST_TARGET_NAME = WeatherForecastModelwithCodableTask;
			};
			name = Debug;
		};
		2A7C539D2B9592FC00AEF1F7 /* Release */ = {
			isa = XCBuildConfiguration;
			buildSettings = {
				ALWAYS_EMBED_SWIFT_STANDARD_LIBRARIES = YES;
				CODE_SIGN_STYLE = Automatic;
				CURRENT_PROJECT_VERSION = 1;
				GENERATE_INFOPLIST_FILE = YES;
				MARKETING_VERSION = 1.0;
				PRODUCT_BUNDLE_IDENTIFIER = com.forssa.WeatherForecastModelwithCodableTaskUITests;
				PRODUCT_NAME = "$(TARGET_NAME)";
				SWIFT_EMIT_LOC_STRINGS = NO;
				SWIFT_VERSION = 5.0;
				TARGETED_DEVICE_FAMILY = "1,2";
				TEST_TARGET_NAME = WeatherForecastModelwithCodableTask;
			};
			name = Release;
		};
/* End XCBuildConfiguration section */

/* Begin XCConfigurationList section */
		2A7C53662B9592FB00AEF1F7 /* Build configuration list for PBXProject "WeatherForecastModelwithCodableTask" */ = {
			isa = XCConfigurationList;
			buildConfigurations = (
				2A7C53932B9592FC00AEF1F7 /* Debug */,
				2A7C53942B9592FC00AEF1F7 /* Release */,
			);
			defaultConfigurationIsVisible = 0;
			defaultConfigurationName = Release;
		};
		2A7C53952B9592FC00AEF1F7 /* Build configuration list for PBXNativeTarget "WeatherForecastModelwithCodableTask" */ = {
			isa = XCConfigurationList;
			buildConfigurations = (
				2A7C53962B9592FC00AEF1F7 /* Debug */,
				2A7C53972B9592FC00AEF1F7 /* Release */,
			);
			defaultConfigurationIsVisible = 0;
			defaultConfigurationName = Release;
		};
		2A7C53982B9592FC00AEF1F7 /* Build configuration list for PBXNativeTarget "WeatherForecastModelwithCodableTaskTests" */ = {
			isa = XCConfigurationList;
			buildConfigurations = (
				2A7C53992B9592FC00AEF1F7 /* Debug */,
				2A7C539A2B9592FC00AEF1F7 /* Release */,
			);
			defaultConfigurationIsVisible = 0;
			defaultConfigurationName = Release;
		};
		2A7C539B2B9592FC00AEF1F7 /* Build configuration list for PBXNativeTarget "WeatherForecastModelwithCodableTaskUITests" */ = {
			isa = XCConfigurationList;
			buildConfigurations = (
				2A7C539C2B9592FC00AEF1F7 /* Debug */,
				2A7C539D2B9592FC00AEF1F7 /* Release */,
			);
			defaultConfigurationIsVisible = 0;
			defaultConfigurationName = Release;
		};
/* End XCConfigurationList section */
	};
	rootObject = 2A7C53632B9592FB00AEF1F7 /* Project object */;
}
